
Microsoft Visual Studio Solution File, Format Version 12.00
# Visual Studio Version 16
VisualStudioVersion = 16.0.31702.278
MinimumVisualStudioVersion = 10.0.40219.1
Project("{FAE04EC0-301F-11D3-BF4B-00C04F79EFBC}") = "VendingMachineApp", "VendingMachineApp\VendingMachineApp.csproj", "{ADD19527-68D6-4F2D-B175-95E30116B319}"
EndProject
Project("{FAE04EC0-301F-11D3-BF4B-00C04F79EFBC}") = "VendingMachineApp.Tests", "VendingMachineApp.Tests\VendingMachineApp.Tests.csproj", "{032FD338-BE24-4BC0-8728-725AE22CCD89}"
EndProject
Global
	GlobalSection(SolutionConfigurationPlatforms) = preSolution
		Debug|Any CPU = Debug|Any CPU
		Release|Any CPU = Release|Any CPU
	EndGlobalSection
	GlobalSection(ProjectConfigurationPlatforms) = postSolution
		{ADD19527-68D6-4F2D-B175-95E30116B319}.Debug|Any CPU.ActiveCfg = Debug|Any CPU
		{ADD19527-68D6-4F2D-B175-95E30116B319}.Debug|Any CPU.Build.0 = Debug|Any CPU
		{ADD19527-68D6-4F2D-B175-95E30116B319}.Release|Any CPU.ActiveCfg = Release|Any CPU
		{ADD19527-68D6-4F2D-B175-95E30116B319}.Release|Any CPU.Build.0 = Release|Any CPU
		{032FD338-BE24-4BC0-8728-725AE22CCD89}.Debug|Any CPU.ActiveCfg = Debug|Any CPU
		{032FD338-BE24-4BC0-8728-725AE22CCD89}.Debug|Any CPU.Build.0 = Debug|Any CPU
		{032FD338-BE24-4BC0-8728-725AE22CCD89}.Release|Any CPU.ActiveCfg = Release|Any CPU
		{032FD338-BE24-4BC0-8728-725AE22CCD89}.Release|Any CPU.Build.0 = Release|Any CPU
	EndGlobalSection
	GlobalSection(SolutionProperties) = preSolution
		HideSolutionNode = FALSE
	EndGlobalSection
	GlobalSection(ExtensibilityGlobals) = postSolution
		SolutionGuid = {AD7AED5D-FA47-4187-AD6F-897C4D5C564F}
	EndGlobalSection
EndGlobal
